// !$*UTF8*$!
{
	archiveVersion = 1;
	classes = {
	};
	objectVersion = 56;
	objects = {

/* Begin PBXBuildFile section */
		6E01829C2C23D8180054384C /* assets in Resources */ = {isa = PBXBuildFile; fileRef = 6E01829B2C23D8180054384C /* assets */; };
		6E01D0B42C2A10960024ED66 /* edf_entity.c in Sources */ = {isa = PBXBuildFile; fileRef = 6E01D0B32C2A10960024ED66 /* edf_entity.c */; };
		6E0F64B62C232DC400FC0EC0 /* MetalKit.framework in Frameworks */ = {isa = PBXBuildFile; fileRef = 6E0F64B52C232DC400FC0EC0 /* MetalKit.framework */; };
		6E0F64BB2C23687100FC0EC0 /* edf_memory.c in Sources */ = {isa = PBXBuildFile; fileRef = 6E0F64BA2C23687100FC0EC0 /* edf_memory.c */; };
		6E0F64BE2C23837600FC0EC0 /* ios_shader.metal in Sources */ = {isa = PBXBuildFile; fileRef = 6E0F64BD2C23837600FC0EC0 /* ios_shader.metal */; };
		6E1420812C23192100C8BB04 /* ios_main.m in Sources */ = {isa = PBXBuildFile; fileRef = 6E1420802C23192100C8BB04 /* ios_main.m */; };
		6E1420822C23196300C8BB04 /* edf.c in Sources */ = {isa = PBXBuildFile; fileRef = 6EE114D82C222A030018B7E1 /* edf.c */; };
		6E1A35392C2B662F007CB85B /* edf_physics_sys.c in Sources */ = {isa = PBXBuildFile; fileRef = 6E1A35382C2B662F007CB85B /* edf_physics_sys.c */; };
		6E1A353C2C2B73D5007CB85B /* edf_render_sys.c in Sources */ = {isa = PBXBuildFile; fileRef = 6E1A353B2C2B73D5007CB85B /* edf_render_sys.c */; };
		6E1A353F2C2B77A4007CB85B /* edf_input_sys.c in Sources */ = {isa = PBXBuildFile; fileRef = 6E1A353E2C2B77A4007CB85B /* edf_input_sys.c */; };
		6E3689E82C2E06E500F5D7B0 /* edf_collision.c in Sources */ = {isa = PBXBuildFile; fileRef = 6E3689E72C2E06E500F5D7B0 /* edf_collision.c */; };
		6E855BE52C2C6F0C004FDE97 /* edf_particles.c in Sources */ = {isa = PBXBuildFile; fileRef = 6E855BE42C2C6F0C004FDE97 /* edf_particles.c */; };
		6E8AAE9D2C29EED600009430 /* edf_input.c in Sources */ = {isa = PBXBuildFile; fileRef = 6E8AAE9C2C29EED600009430 /* edf_input.c */; };
		6ED097D82C266CEE005630FB /* edf_font.c in Sources */ = {isa = PBXBuildFile; fileRef = 6ED097D62C266CEE005630FB /* edf_font.c */; };
		6ED7993E2C2708EE005E0FDF /* ios_sound.c in Sources */ = {isa = PBXBuildFile; fileRef = 6ED7993D2C2708EE005E0FDF /* ios_sound.c */; };
		6ED799412C276888005E0FDF /* edf_graphics.c in Sources */ = {isa = PBXBuildFile; fileRef = 6ED799402C276888005E0FDF /* edf_graphics.c */; };
		6ED799442C276899005E0FDF /* edf_sound.c in Sources */ = {isa = PBXBuildFile; fileRef = 6ED799432C276899005E0FDF /* edf_sound.c */; };
		6EE114C92C22285C0018B7E1 /* Main.storyboard in Resources */ = {isa = PBXBuildFile; fileRef = 6EE114C72C22285C0018B7E1 /* Main.storyboard */; };
		6EE114CB2C2228600018B7E1 /* Assets.xcassets in Resources */ = {isa = PBXBuildFile; fileRef = 6EE114CA2C2228600018B7E1 /* Assets.xcassets */; };
		6EE114CE2C2228600018B7E1 /* LaunchScreen.storyboard in Resources */ = {isa = PBXBuildFile; fileRef = 6EE114CC2C2228600018B7E1 /* LaunchScreen.storyboard */; };
/* End PBXBuildFile section */

/* Begin PBXFileReference section */
		6E01829B2C23D8180054384C /* assets */ = {isa = PBXFileReference; lastKnownFileType = folder; name = assets; path = ../../game/assets; sourceTree = "<group>"; };
		6E0182A22C23E08E0054384C /* stb_image.h */ = {isa = PBXFileReference; lastKnownFileType = sourcecode.c.h; path = stb_image.h; sourceTree = "<group>"; };
		6E01D0B22C2A10960024ED66 /* edf_entity.h */ = {isa = PBXFileReference; lastKnownFileType = sourcecode.c.h; path = edf_entity.h; sourceTree = "<group>"; };
		6E01D0B32C2A10960024ED66 /* edf_entity.c */ = {isa = PBXFileReference; lastKnownFileType = sourcecode.c.c; path = edf_entity.c; sourceTree = "<group>"; };
		6E0F64B32C23295D00FC0EC0 /* edf_platform.h */ = {isa = PBXFileReference; fileEncoding = 4; lastKnownFileType = sourcecode.c.h; path = edf_platform.h; sourceTree = "<group>"; };
		6E0F64B52C232DC400FC0EC0 /* MetalKit.framework */ = {isa = PBXFileReference; lastKnownFileType = wrapper.framework; name = MetalKit.framework; path = System/Library/Frameworks/MetalKit.framework; sourceTree = SDKROOT; };
		6E0F64B72C2359A000FC0EC0 /* edf_memory.h */ = {isa = PBXFileReference; lastKnownFileType = sourcecode.c.h; path = edf_memory.h; sourceTree = "<group>"; };
		6E0F64B82C235A0600FC0EC0 /* edf_common.h */ = {isa = PBXFileReference; lastKnownFileType = sourcecode.c.h; path = edf_common.h; sourceTree = "<group>"; };
		6E0F64B92C235A6500FC0EC0 /* edf_math.h */ = {isa = PBXFileReference; lastKnownFileType = sourcecode.c.h; path = edf_math.h; sourceTree = "<group>"; };
		6E0F64BA2C23687100FC0EC0 /* edf_memory.c */ = {isa = PBXFileReference; lastKnownFileType = sourcecode.c.c; path = edf_memory.c; sourceTree = "<group>"; };
		6E0F64BC2C237E3D00FC0EC0 /* ios_shader_types.h */ = {isa = PBXFileReference; lastKnownFileType = sourcecode.c.h; path = ios_shader_types.h; sourceTree = "<group>"; };
		6E0F64BD2C23837600FC0EC0 /* ios_shader.metal */ = {isa = PBXFileReference; lastKnownFileType = sourcecode.metal; path = ios_shader.metal; sourceTree = "<group>"; };
		6E1420802C23192100C8BB04 /* ios_main.m */ = {isa = PBXFileReference; fileEncoding = 4; lastKnownFileType = sourcecode.c.objc; path = ios_main.m; sourceTree = "<group>"; };
		6E1A35372C2B662F007CB85B /* edf_physics_sys.h */ = {isa = PBXFileReference; lastKnownFileType = sourcecode.c.h; path = edf_physics_sys.h; sourceTree = "<group>"; };
		6E1A35382C2B662F007CB85B /* edf_physics_sys.c */ = {isa = PBXFileReference; lastKnownFileType = sourcecode.c.c; path = edf_physics_sys.c; sourceTree = "<group>"; };
		6E1A353A2C2B73D5007CB85B /* edf_render_sys.h */ = {isa = PBXFileReference; lastKnownFileType = sourcecode.c.h; path = edf_render_sys.h; sourceTree = "<group>"; };
		6E1A353B2C2B73D5007CB85B /* edf_render_sys.c */ = {isa = PBXFileReference; lastKnownFileType = sourcecode.c.c; path = edf_render_sys.c; sourceTree = "<group>"; };
		6E1A353D2C2B77A4007CB85B /* edf_input_sys.h */ = {isa = PBXFileReference; lastKnownFileType = sourcecode.c.h; path = edf_input_sys.h; sourceTree = "<group>"; };
		6E1A353E2C2B77A4007CB85B /* edf_input_sys.c */ = {isa = PBXFileReference; lastKnownFileType = sourcecode.c.c; path = edf_input_sys.c; sourceTree = "<group>"; };
		6E3689E62C2E06E500F5D7B0 /* edf_collision.h */ = {isa = PBXFileReference; lastKnownFileType = sourcecode.c.h; path = edf_collision.h; sourceTree = "<group>"; };
		6E3689E72C2E06E500F5D7B0 /* edf_collision.c */ = {isa = PBXFileReference; lastKnownFileType = sourcecode.c.c; path = edf_collision.c; sourceTree = "<group>"; };
		6E855BE32C2C6F0C004FDE97 /* edf_particles.h */ = {isa = PBXFileReference; lastKnownFileType = sourcecode.c.h; path = edf_particles.h; sourceTree = "<group>"; };
		6E855BE42C2C6F0C004FDE97 /* edf_particles.c */ = {isa = PBXFileReference; lastKnownFileType = sourcecode.c.c; path = edf_particles.c; sourceTree = "<group>"; };
		6E8AAE9C2C29EED600009430 /* edf_input.c */ = {isa = PBXFileReference; fileEncoding = 4; lastKnownFileType = sourcecode.c.c; path = edf_input.c; sourceTree = "<group>"; };
		6E8AAE9E2C29EEE000009430 /* edf_input.h */ = {isa = PBXFileReference; fileEncoding = 4; lastKnownFileType = sourcecode.c.h; path = edf_input.h; sourceTree = "<group>"; };
		6ED097D52C266CCE005630FB /* stb_truetype.h */ = {isa = PBXFileReference; lastKnownFileType = sourcecode.c.h; path = stb_truetype.h; sourceTree = "<group>"; };
		6ED097D62C266CEE005630FB /* edf_font.c */ = {isa = PBXFileReference; fileEncoding = 4; lastKnownFileType = sourcecode.c.c; path = edf_font.c; sourceTree = "<group>"; };
		6ED097D72C266CEE005630FB /* edf_font.h */ = {isa = PBXFileReference; fileEncoding = 4; lastKnownFileType = sourcecode.c.h; path = edf_font.h; sourceTree = "<group>"; };
		6ED7993C2C2708EE005E0FDF /* ios_sound.h */ = {isa = PBXFileReference; lastKnownFileType = sourcecode.c.h; path = ios_sound.h; sourceTree = "<group>"; };
		6ED7993D2C2708EE005E0FDF /* ios_sound.c */ = {isa = PBXFileReference; lastKnownFileType = sourcecode.c.c; path = ios_sound.c; sourceTree = "<group>"; };
		6ED7993F2C276888005E0FDF /* edf_graphics.h */ = {isa = PBXFileReference; lastKnownFileType = sourcecode.c.h; path = edf_graphics.h; sourceTree = "<group>"; };
		6ED799402C276888005E0FDF /* edf_graphics.c */ = {isa = PBXFileReference; lastKnownFileType = sourcecode.c.c; path = edf_graphics.c; sourceTree = "<group>"; };
		6ED799422C276899005E0FDF /* edf_sound.h */ = {isa = PBXFileReference; lastKnownFileType = sourcecode.c.h; path = edf_sound.h; sourceTree = "<group>"; };
		6ED799432C276899005E0FDF /* edf_sound.c */ = {isa = PBXFileReference; lastKnownFileType = sourcecode.c.c; path = edf_sound.c; sourceTree = "<group>"; };
		6EE114BB2C22285C0018B7E1 /* edf.app */ = {isa = PBXFileReference; explicitFileType = wrapper.application; includeInIndex = 0; path = edf.app; sourceTree = BUILT_PRODUCTS_DIR; };
		6EE114C82C22285C0018B7E1 /* Base */ = {isa = PBXFileReference; lastKnownFileType = file.storyboard; name = Base; path = Base.lproj/Main.storyboard; sourceTree = "<group>"; };
		6EE114CA2C2228600018B7E1 /* Assets.xcassets */ = {isa = PBXFileReference; lastKnownFileType = folder.assetcatalog; path = Assets.xcassets; sourceTree = "<group>"; };
		6EE114CD2C2228600018B7E1 /* Base */ = {isa = PBXFileReference; lastKnownFileType = file.storyboard; name = Base; path = Base.lproj/LaunchScreen.storyboard; sourceTree = "<group>"; };
		6EE114CF2C2228600018B7E1 /* Info.plist */ = {isa = PBXFileReference; lastKnownFileType = text.plist.xml; path = Info.plist; sourceTree = "<group>"; };
		6EE114D82C222A030018B7E1 /* edf.c */ = {isa = PBXFileReference; lastKnownFileType = sourcecode.c.c; path = edf.c; sourceTree = "<group>"; };
		6EE114D92C222A030018B7E1 /* edf.h */ = {isa = PBXFileReference; lastKnownFileType = sourcecode.c.h; path = edf.h; sourceTree = "<group>"; };
/* End PBXFileReference section */

/* Begin PBXFrameworksBuildPhase section */
		6EE114B82C22285C0018B7E1 /* Frameworks */ = {
			isa = PBXFrameworksBuildPhase;
			buildActionMask = 2147483647;
			files = (
				6E0F64B62C232DC400FC0EC0 /* MetalKit.framework in Frameworks */,
			);
			runOnlyForDeploymentPostprocessing = 0;
		};
/* End PBXFrameworksBuildPhase section */

/* Begin PBXGroup section */
		6E0182A12C23E08E0054384C /* thirdparty */ = {
			isa = PBXGroup;
			children = (
				6ED097D52C266CCE005630FB /* stb_truetype.h */,
				6E0182A22C23E08E0054384C /* stb_image.h */,
			);
			name = thirdparty;
			path = ../../thirdparty;
			sourceTree = "<group>";
		};
		6E0F64B42C232DC400FC0EC0 /* Frameworks */ = {
			isa = PBXGroup;
			children = (
				6E0F64B52C232DC400FC0EC0 /* MetalKit.framework */,
			);
			name = Frameworks;
			sourceTree = "<group>";
		};
		6E1A35362C2B660A007CB85B /* sys */ = {
			isa = PBXGroup;
			children = (
				6E1A35372C2B662F007CB85B /* edf_physics_sys.h */,
				6E1A35382C2B662F007CB85B /* edf_physics_sys.c */,
				6E1A353A2C2B73D5007CB85B /* edf_render_sys.h */,
				6E1A353B2C2B73D5007CB85B /* edf_render_sys.c */,
				6E1A353D2C2B77A4007CB85B /* edf_input_sys.h */,
				6E1A353E2C2B77A4007CB85B /* edf_input_sys.c */,
			);
			path = sys;
			sourceTree = "<group>";
		};
		6EE114B22C22285C0018B7E1 = {
			isa = PBXGroup;
			children = (
				6E0182A12C23E08E0054384C /* thirdparty */,
				6E01829B2C23D8180054384C /* assets */,
				6EE114D72C222A030018B7E1 /* src */,
				6EE114BD2C22285C0018B7E1 /* edf */,
				6EE114BC2C22285C0018B7E1 /* Products */,
				6E0F64B42C232DC400FC0EC0 /* Frameworks */,
			);
			sourceTree = "<group>";
		};
		6EE114BC2C22285C0018B7E1 /* Products */ = {
			isa = PBXGroup;
			children = (
				6EE114BB2C22285C0018B7E1 /* edf.app */,
			);
			name = Products;
			sourceTree = "<group>";
		};
		6EE114BD2C22285C0018B7E1 /* edf */ = {
			isa = PBXGroup;
			children = (
				6E1420802C23192100C8BB04 /* ios_main.m */,
				6EE114C72C22285C0018B7E1 /* Main.storyboard */,
				6EE114CA2C2228600018B7E1 /* Assets.xcassets */,
				6EE114CC2C2228600018B7E1 /* LaunchScreen.storyboard */,
				6EE114CF2C2228600018B7E1 /* Info.plist */,
				6E0F64BC2C237E3D00FC0EC0 /* ios_shader_types.h */,
				6E0F64BD2C23837600FC0EC0 /* ios_shader.metal */,
				6ED7993C2C2708EE005E0FDF /* ios_sound.h */,
				6ED7993D2C2708EE005E0FDF /* ios_sound.c */,
			);
			path = edf;
			sourceTree = "<group>";
		};
		6EE114D72C222A030018B7E1 /* src */ = {
			isa = PBXGroup;
			children = (
				6E1A35362C2B660A007CB85B /* sys */,
				6E8AAE9E2C29EEE000009430 /* edf_input.h */,
				6E8AAE9C2C29EED600009430 /* edf_input.c */,
				6ED097D62C266CEE005630FB /* edf_font.c */,
				6ED097D72C266CEE005630FB /* edf_font.h */,
				6E0F64B32C23295D00FC0EC0 /* edf_platform.h */,
				6EE114D82C222A030018B7E1 /* edf.c */,
				6EE114D92C222A030018B7E1 /* edf.h */,
				6E0F64B72C2359A000FC0EC0 /* edf_memory.h */,
				6E0F64B82C235A0600FC0EC0 /* edf_common.h */,
				6E0F64B92C235A6500FC0EC0 /* edf_math.h */,
				6E0F64BA2C23687100FC0EC0 /* edf_memory.c */,
				6ED7993F2C276888005E0FDF /* edf_graphics.h */,
				6ED799402C276888005E0FDF /* edf_graphics.c */,
				6ED799422C276899005E0FDF /* edf_sound.h */,
				6ED799432C276899005E0FDF /* edf_sound.c */,
				6E01D0B22C2A10960024ED66 /* edf_entity.h */,
				6E01D0B32C2A10960024ED66 /* edf_entity.c */,
				6E855BE32C2C6F0C004FDE97 /* edf_particles.h */,
				6E855BE42C2C6F0C004FDE97 /* edf_particles.c */,
				6E3689E62C2E06E500F5D7B0 /* edf_collision.h */,
				6E3689E72C2E06E500F5D7B0 /* edf_collision.c */,
			);
			name = src;
			path = ../../game/src;
			sourceTree = "<group>";
		};
/* End PBXGroup section */

/* Begin PBXNativeTarget section */
		6EE114BA2C22285C0018B7E1 /* edf */ = {
			isa = PBXNativeTarget;
			buildConfigurationList = 6EE114D42C2228600018B7E1 /* Build configuration list for PBXNativeTarget "edf" */;
			buildPhases = (
				6EE114B72C22285C0018B7E1 /* Sources */,
				6EE114B82C22285C0018B7E1 /* Frameworks */,
				6EE114B92C22285C0018B7E1 /* Resources */,
			);
			buildRules = (
			);
			dependencies = (
			);
			name = edf;
			productName = edf;
			productReference = 6EE114BB2C22285C0018B7E1 /* edf.app */;
			productType = "com.apple.product-type.application";
		};
/* End PBXNativeTarget section */

/* Begin PBXProject section */
		6EE114B32C22285C0018B7E1 /* Project object */ = {
			isa = PBXProject;
			attributes = {
				BuildIndependentTargetsInParallel = 1;
				LastUpgradeCheck = 1420;
				TargetAttributes = {
					6EE114BA2C22285C0018B7E1 = {
						CreatedOnToolsVersion = 14.2;
					};
				};
			};
			buildConfigurationList = 6EE114B62C22285C0018B7E1 /* Build configuration list for PBXProject "edf" */;
			compatibilityVersion = "Xcode 14.0";
			developmentRegion = en;
			hasScannedForEncodings = 0;
			knownRegions = (
				en,
				Base,
			);
			mainGroup = 6EE114B22C22285C0018B7E1;
			productRefGroup = 6EE114BC2C22285C0018B7E1 /* Products */;
			projectDirPath = "";
			projectRoot = "";
			targets = (
				6EE114BA2C22285C0018B7E1 /* edf */,
			);
		};
/* End PBXProject section */

/* Begin PBXResourcesBuildPhase section */
		6EE114B92C22285C0018B7E1 /* Resources */ = {
			isa = PBXResourcesBuildPhase;
			buildActionMask = 2147483647;
			files = (
				6E01829C2C23D8180054384C /* assets in Resources */,
				6EE114CE2C2228600018B7E1 /* LaunchScreen.storyboard in Resources */,
				6EE114CB2C2228600018B7E1 /* Assets.xcassets in Resources */,
				6EE114C92C22285C0018B7E1 /* Main.storyboard in Resources */,
			);
			runOnlyForDeploymentPostprocessing = 0;
		};
/* End PBXResourcesBuildPhase section */

/* Begin PBXSourcesBuildPhase section */
		6EE114B72C22285C0018B7E1 /* Sources */ = {
			isa = PBXSourcesBuildPhase;
			buildActionMask = 2147483647;
			files = (
				6E0F64BB2C23687100FC0EC0 /* edf_memory.c in Sources */,
				6ED799412C276888005E0FDF /* edf_graphics.c in Sources */,
				6ED7993E2C2708EE005E0FDF /* ios_sound.c in Sources */,
				6ED799442C276899005E0FDF /* edf_sound.c in Sources */,
				6E1A35392C2B662F007CB85B /* edf_physics_sys.c in Sources */,
				6E1420822C23196300C8BB04 /* edf.c in Sources */,
				6E0F64BE2C23837600FC0EC0 /* ios_shader.metal in Sources */,
				6E855BE52C2C6F0C004FDE97 /* edf_particles.c in Sources */,
				6E1A353C2C2B73D5007CB85B /* edf_render_sys.c in Sources */,
				6E1A353F2C2B77A4007CB85B /* edf_input_sys.c in Sources */,
				6E3689E82C2E06E500F5D7B0 /* edf_collision.c in Sources */,
				6E01D0B42C2A10960024ED66 /* edf_entity.c in Sources */,
				6E8AAE9D2C29EED600009430 /* edf_input.c in Sources */,
				6E1420812C23192100C8BB04 /* ios_main.m in Sources */,
				6ED097D82C266CEE005630FB /* edf_font.c in Sources */,
			);
			runOnlyForDeploymentPostprocessing = 0;
		};
/* End PBXSourcesBuildPhase section */

/* Begin PBXVariantGroup section */
		6EE114C72C22285C0018B7E1 /* Main.storyboard */ = {
			isa = PBXVariantGroup;
			children = (
				6EE114C82C22285C0018B7E1 /* Base */,
			);
			name = Main.storyboard;
			sourceTree = "<group>";
		};
		6EE114CC2C2228600018B7E1 /* LaunchScreen.storyboard */ = {
			isa = PBXVariantGroup;
			children = (
				6EE114CD2C2228600018B7E1 /* Base */,
			);
			name = LaunchScreen.storyboard;
			sourceTree = "<group>";
		};
/* End PBXVariantGroup section */

/* Begin XCBuildConfiguration section */
		6EE114D22C2228600018B7E1 /* Debug */ = {
			isa = XCBuildConfiguration;
			buildSettings = {
				ALWAYS_SEARCH_USER_PATHS = NO;
				CLANG_ANALYZER_NONNULL = YES;
				CLANG_ANALYZER_NUMBER_OBJECT_CONVERSION = YES_AGGRESSIVE;
				CLANG_CXX_LANGUAGE_STANDARD = "gnu++20";
				CLANG_ENABLE_MODULES = YES;
				CLANG_ENABLE_OBJC_ARC = YES;
				CLANG_ENABLE_OBJC_WEAK = YES;
				CLANG_WARN_BLOCK_CAPTURE_AUTORELEASING = YES;
				CLANG_WARN_BOOL_CONVERSION = YES;
				CLANG_WARN_COMMA = YES;
				CLANG_WARN_CONSTANT_CONVERSION = YES;
				CLANG_WARN_DEPRECATED_OBJC_IMPLEMENTATIONS = YES;
				CLANG_WARN_DIRECT_OBJC_ISA_USAGE = YES_ERROR;
				CLANG_WARN_DOCUMENTATION_COMMENTS = YES;
				CLANG_WARN_EMPTY_BODY = YES;
				CLANG_WARN_ENUM_CONVERSION = YES;
				CLANG_WARN_INFINITE_RECURSION = YES;
				CLANG_WARN_INT_CONVERSION = YES;
				CLANG_WARN_NON_LITERAL_NULL_CONVERSION = YES;
				CLANG_WARN_OBJC_IMPLICIT_RETAIN_SELF = YES;
				CLANG_WARN_OBJC_LITERAL_CONVERSION = YES;
				CLANG_WARN_OBJC_ROOT_CLASS = YES_ERROR;
				CLANG_WARN_QUOTED_INCLUDE_IN_FRAMEWORK_HEADER = YES;
				CLANG_WARN_RANGE_LOOP_ANALYSIS = YES;
				CLANG_WARN_STRICT_PROTOTYPES = YES;
				CLANG_WARN_SUSPICIOUS_MOVE = YES;
				CLANG_WARN_UNGUARDED_AVAILABILITY = YES_AGGRESSIVE;
				CLANG_WARN_UNREACHABLE_CODE = YES;
				CLANG_WARN__DUPLICATE_METHOD_MATCH = YES;
				COPY_PHASE_STRIP = NO;
				DEBUG_INFORMATION_FORMAT = dwarf;
				ENABLE_STRICT_OBJC_MSGSEND = YES;
				ENABLE_TESTABILITY = YES;
				GCC_C_LANGUAGE_STANDARD = gnu11;
				GCC_DYNAMIC_NO_PIC = NO;
				GCC_NO_COMMON_BLOCKS = YES;
				GCC_OPTIMIZATION_LEVEL = 0;
				GCC_PREPROCESSOR_DEFINITIONS = (
					"DEBUG=1",
					"$(inherited)",
				);
				GCC_WARN_64_TO_32_BIT_CONVERSION = YES;
				GCC_WARN_ABOUT_RETURN_TYPE = YES_ERROR;
				GCC_WARN_UNDECLARED_SELECTOR = YES;
				GCC_WARN_UNINITIALIZED_AUTOS = YES_AGGRESSIVE;
				GCC_WARN_UNUSED_FUNCTION = YES;
				GCC_WARN_UNUSED_VARIABLE = YES;
				IPHONEOS_DEPLOYMENT_TARGET = 16.2;
				MTL_ENABLE_DEBUG_INFO = INCLUDE_SOURCE;
				MTL_FAST_MATH = YES;
				ONLY_ACTIVE_ARCH = YES;
				SDKROOT = iphoneos;
			};
			name = Debug;
		};
		6EE114D32C2228600018B7E1 /* Release */ = {
			isa = XCBuildConfiguration;
			buildSettings = {
				ALWAYS_SEARCH_USER_PATHS = NO;
				CLANG_ANALYZER_NONNULL = YES;
				CLANG_ANALYZER_NUMBER_OBJECT_CONVERSION = YES_AGGRESSIVE;
				CLANG_CXX_LANGUAGE_STANDARD = "gnu++20";
				CLANG_ENABLE_MODULES = YES;
				CLANG_ENABLE_OBJC_ARC = YES;
				CLANG_ENABLE_OBJC_WEAK = YES;
				CLANG_WARN_BLOCK_CAPTURE_AUTORELEASING = YES;
				CLANG_WARN_BOOL_CONVERSION = YES;
				CLANG_WARN_COMMA = YES;
				CLANG_WARN_CONSTANT_CONVERSION = YES;
				CLANG_WARN_DEPRECATED_OBJC_IMPLEMENTATIONS = YES;
				CLANG_WARN_DIRECT_OBJC_ISA_USAGE = YES_ERROR;
				CLANG_WARN_DOCUMENTATION_COMMENTS = YES;
				CLANG_WARN_EMPTY_BODY = YES;
				CLANG_WARN_ENUM_CONVERSION = YES;
				CLANG_WARN_INFINITE_RECURSION = YES;
				CLANG_WARN_INT_CONVERSION = YES;
				CLANG_WARN_NON_LITERAL_NULL_CONVERSION = YES;
				CLANG_WARN_OBJC_IMPLICIT_RETAIN_SELF = YES;
				CLANG_WARN_OBJC_LITERAL_CONVERSION = YES;
				CLANG_WARN_OBJC_ROOT_CLASS = YES_ERROR;
				CLANG_WARN_QUOTED_INCLUDE_IN_FRAMEWORK_HEADER = YES;
				CLANG_WARN_RANGE_LOOP_ANALYSIS = YES;
				CLANG_WARN_STRICT_PROTOTYPES = YES;
				CLANG_WARN_SUSPICIOUS_MOVE = YES;
				CLANG_WARN_UNGUARDED_AVAILABILITY = YES_AGGRESSIVE;
				CLANG_WARN_UNREACHABLE_CODE = YES;
				CLANG_WARN__DUPLICATE_METHOD_MATCH = YES;
				COPY_PHASE_STRIP = NO;
				DEBUG_INFORMATION_FORMAT = "dwarf-with-dsym";
				ENABLE_NS_ASSERTIONS = NO;
				ENABLE_STRICT_OBJC_MSGSEND = YES;
				GCC_C_LANGUAGE_STANDARD = gnu11;
				GCC_NO_COMMON_BLOCKS = YES;
				GCC_WARN_64_TO_32_BIT_CONVERSION = YES;
				GCC_WARN_ABOUT_RETURN_TYPE = YES_ERROR;
				GCC_WARN_UNDECLARED_SELECTOR = YES;
				GCC_WARN_UNINITIALIZED_AUTOS = YES_AGGRESSIVE;
				GCC_WARN_UNUSED_FUNCTION = YES;
				GCC_WARN_UNUSED_VARIABLE = YES;
				IPHONEOS_DEPLOYMENT_TARGET = 16.2;
				MTL_ENABLE_DEBUG_INFO = NO;
				MTL_FAST_MATH = YES;
				SDKROOT = iphoneos;
				VALIDATE_PRODUCT = YES;
			};
			name = Release;
		};
		6EE114D52C2228600018B7E1 /* Debug */ = {
			isa = XCBuildConfiguration;
			buildSettings = {
				ASSETCATALOG_COMPILER_APPICON_NAME = AppIcon;
				ASSETCATALOG_COMPILER_GLOBAL_ACCENT_COLOR_NAME = AccentColor;
				CODE_SIGN_STYLE = Automatic;
				CURRENT_PROJECT_VERSION = 1;
				DEVELOPMENT_TEAM = A6P3V576RF;
				GENERATE_INFOPLIST_FILE = YES;
				INFOPLIST_FILE = edf/Info.plist;
				INFOPLIST_KEY_UIApplicationSupportsIndirectInputEvents = YES;
				INFOPLIST_KEY_UILaunchStoryboardName = LaunchScreen;
				INFOPLIST_KEY_UIMainStoryboardFile = Main;
				INFOPLIST_KEY_UIRequiredDeviceCapabilities = armv7;
				INFOPLIST_KEY_UIStatusBarHidden = YES;
				INFOPLIST_KEY_UISupportedInterfaceOrientations = "UIInterfaceOrientationLandscapeLeft UIInterfaceOrientationLandscapeRight";
				INFOPLIST_KEY_UISupportedInterfaceOrientations_iPad = "UIInterfaceOrientationPortrait UIInterfaceOrientationPortraitUpsideDown UIInterfaceOrientationLandscapeLeft UIInterfaceOrientationLandscapeRight";
				INFOPLIST_KEY_UISupportedInterfaceOrientations_iPhone = "UIInterfaceOrientationPortrait UIInterfaceOrientationLandscapeLeft UIInterfaceOrientationLandscapeRight";
				LD_RUNPATH_SEARCH_PATHS = (
					"$(inherited)",
					"@executable_path/Frameworks",
				);
				MARKETING_VERSION = 1.0;
				PRODUCT_BUNDLE_IDENTIFIER = "halfpipestudios-jose.edf";
				PRODUCT_NAME = "$(TARGET_NAME)";
				SWIFT_EMIT_LOC_STRINGS = YES;
				TARGETED_DEVICE_FAMILY = "1,2";
			};
			name = Debug;
		};
		6EE114D62C2228600018B7E1 /* Release */ = {
			isa = XCBuildConfiguration;
			buildSettings = {
				ASSETCATALOG_COMPILER_APPICON_NAME = AppIcon;
				ASSETCATALOG_COMPILER_GLOBAL_ACCENT_COLOR_NAME = AccentColor;
				CODE_SIGN_STYLE = Automatic;
				CURRENT_PROJECT_VERSION = 1;
				DEVELOPMENT_TEAM = A6P3V576RF;
				GENERATE_INFOPLIST_FILE = YES;
				INFOPLIST_FILE = edf/Info.plist;
				INFOPLIST_KEY_UIApplicationSupportsIndirectInputEvents = YES;
				INFOPLIST_KEY_UILaunchStoryboardName = LaunchScreen;
				INFOPLIST_KEY_UIMainStoryboardFile = Main;
				INFOPLIST_KEY_UIRequiredDeviceCapabilities = armv7;
				INFOPLIST_KEY_UIStatusBarHidden = YES;
				INFOPLIST_KEY_UISupportedInterfaceOrientations = "UIInterfaceOrientationLandscapeLeft UIInterfaceOrientationLandscapeRight";
				INFOPLIST_KEY_UISupportedInterfaceOrientations_iPad = "UIInterfaceOrientationPortrait UIInterfaceOrientationPortraitUpsideDown UIInterfaceOrientationLandscapeLeft UIInterfaceOrientationLandscapeRight";
				INFOPLIST_KEY_UISupportedInterfaceOrientations_iPhone = "UIInterfaceOrientationPortrait UIInterfaceOrientationLandscapeLeft UIInterfaceOrientationLandscapeRight";
				LD_RUNPATH_SEARCH_PATHS = (
					"$(inherited)",
					"@executable_path/Frameworks",
				);
				MARKETING_VERSION = 1.0;
				PRODUCT_BUNDLE_IDENTIFIER = "halfpipestudios-jose.edf";
				PRODUCT_NAME = "$(TARGET_NAME)";
				SWIFT_EMIT_LOC_STRINGS = YES;
				TARGETED_DEVICE_FAMILY = "1,2";
			};
			name = Release;
		};
/* End XCBuildConfiguration section */

/* Begin XCConfigurationList section */
		6EE114B62C22285C0018B7E1 /* Build configuration list for PBXProject "edf" */ = {
			isa = XCConfigurationList;
			buildConfigurations = (
				6EE114D22C2228600018B7E1 /* Debug */,
				6EE114D32C2228600018B7E1 /* Release */,
			);
			defaultConfigurationIsVisible = 0;
			defaultConfigurationName = Release;
		};
		6EE114D42C2228600018B7E1 /* Build configuration list for PBXNativeTarget "edf" */ = {
			isa = XCConfigurationList;
			buildConfigurations = (
				6EE114D52C2228600018B7E1 /* Debug */,
				6EE114D62C2228600018B7E1 /* Release */,
			);
			defaultConfigurationIsVisible = 0;
			defaultConfigurationName = Release;
		};
/* End XCConfigurationList section */
	};
	rootObject = 6EE114B32C22285C0018B7E1 /* Project object */;
}
